
Microsoft Visual Studio Solution File, Format Version 12.00
# Visual Studio 15
VisualStudioVersion = 15.0.28307.1433
MinimumVisualStudioVersion = 10.0.40219.1
Project("{FAE04EC0-301F-11D3-BF4B-00C04F79EFBC}") = "QuestionsSchool", "QuestionsSchool\QuestionsSchool.csproj", "{B8DCD12B-F627-459F-B42F-C92D89B5551F}"
EndProject
Global
	GlobalSection(SolutionConfigurationPlatforms) = preSolution
		Debug|Any CPU = Debug|Any CPU
		Release|Any CPU = Release|Any CPU
	EndGlobalSection
	GlobalSection(ProjectConfigurationPlatforms) = postSolution
		{B8DCD12B-F627-459F-B42F-C92D89B5551F}.Debug|Any CPU.ActiveCfg = Debug|Any CPU
		{B8DCD12B-F627-459F-B42F-C92D89B5551F}.Debug|Any CPU.Build.0 = Debug|Any CPU
		{B8DCD12B-F627-459F-B42F-C92D89B5551F}.Release|Any CPU.ActiveCfg = Release|Any CPU
		{B8DCD12B-F627-459F-B42F-C92D89B5551F}.Release|Any CPU.Build.0 = Release|Any CPU
	EndGlobalSection
	GlobalSection(SolutionProperties) = preSolution
		HideSolutionNode = FALSE
	EndGlobalSection
	GlobalSection(ExtensibilityGlobals) = postSolution
		SolutionGuid = {7BDD63D0-4A24-4199-9D6B-2195BEFBBB96}
	EndGlobalSection
EndGlobal
